
Microsoft Visual Studio Solution File, Format Version 12.00
# Visual Studio 15
VisualStudioVersion = 15.0.28307.168
MinimumVisualStudioVersion = 10.0.40219.1
Project("{FAE04EC0-301F-11D3-BF4B-00C04F79EFBC}") = "ModifiedDijkstra.Library", "ModifiedDijkstra.Library\ModifiedDijkstra.Library.csproj", "{A772C2E8-2619-42DE-AE25-DFD6C00A4B7A}"
EndProject
Project("{FAE04EC0-301F-11D3-BF4B-00C04F79EFBC}") = "ModifiedDijkstra.Console", "ModifiedDijkstra.Console\ModifiedDijkstra.Console.csproj", "{019295D6-690F-4B4D-8733-EC8E97C66792}"
EndProject
Project("{FAE04EC0-301F-11D3-BF4B-00C04F79EFBC}") = "ModifiedDijkstra.Tests", "WidestPathAlgorithmForTriangleNumbers\ModifiedDijkstra.Tests.csproj", "{A6FE1720-9B4A-4860-A97E-7F2B4610C8F0}"
EndProject
Global
	GlobalSection(SolutionConfigurationPlatforms) = preSolution
		Debug|Any CPU = Debug|Any CPU
		Release|Any CPU = Release|Any CPU
	EndGlobalSection
	GlobalSection(ProjectConfigurationPlatforms) = postSolution
		{A772C2E8-2619-42DE-AE25-DFD6C00A4B7A}.Debug|Any CPU.ActiveCfg = Debug|Any CPU
		{A772C2E8-2619-42DE-AE25-DFD6C00A4B7A}.Debug|Any CPU.Build.0 = Debug|Any CPU
		{A772C2E8-2619-42DE-AE25-DFD6C00A4B7A}.Release|Any CPU.ActiveCfg = Release|Any CPU
		{A772C2E8-2619-42DE-AE25-DFD6C00A4B7A}.Release|Any CPU.Build.0 = Release|Any CPU
		{019295D6-690F-4B4D-8733-EC8E97C66792}.Debug|Any CPU.ActiveCfg = Debug|Any CPU
		{019295D6-690F-4B4D-8733-EC8E97C66792}.Debug|Any CPU.Build.0 = Debug|Any CPU
		{019295D6-690F-4B4D-8733-EC8E97C66792}.Release|Any CPU.ActiveCfg = Release|Any CPU
		{019295D6-690F-4B4D-8733-EC8E97C66792}.Release|Any CPU.Build.0 = Release|Any CPU
		{A6FE1720-9B4A-4860-A97E-7F2B4610C8F0}.Debug|Any CPU.ActiveCfg = Debug|Any CPU
		{A6FE1720-9B4A-4860-A97E-7F2B4610C8F0}.Debug|Any CPU.Build.0 = Debug|Any CPU
		{A6FE1720-9B4A-4860-A97E-7F2B4610C8F0}.Release|Any CPU.ActiveCfg = Release|Any CPU
		{A6FE1720-9B4A-4860-A97E-7F2B4610C8F0}.Release|Any CPU.Build.0 = Release|Any CPU
	EndGlobalSection
	GlobalSection(SolutionProperties) = preSolution
		HideSolutionNode = FALSE
	EndGlobalSection
	GlobalSection(ExtensibilityGlobals) = postSolution
		SolutionGuid = {82AD2E3F-F3B1-4B46-B572-7227F73E36F9}
	EndGlobalSection
EndGlobal
